
Microsoft Visual Studio Solution File, Format Version 12.00
# Visual Studio Version 16
VisualStudioVersion = 16.0.29503.13
MinimumVisualStudioVersion = 10.0.40219.1
Project("{FAE04EC0-301F-11D3-BF4B-00C04F79EFBC}") = "CreateAccountsProject", "CreateAccountsProject.csproj", "{62F8C37C-414D-488B-8AA0-1C69D2BF184E}"
EndProject
Project("{54435603-DBB4-11D2-8724-00A0C9A8B90C}") = "CreateAccounts", "..\CreateAccounts\CreateAccounts.vdproj", "{BFC7DD42-AFC3-4E8B-8102-14EFA2A6C27B}"
EndProject
Project("{54435603-DBB4-11D2-8724-00A0C9A8B90C}") = "CreateAccounts_V1.1", "..\CreateAccounts_V1.1\CreateAccounts_V1.1.vdproj", "{BD3CB7E0-1360-4E7A-84CC-C3B60B1CE71A}"
EndProject
Global
	GlobalSection(SolutionConfigurationPlatforms) = preSolution
		Debug|Any CPU = Debug|Any CPU
		Release|Any CPU = Release|Any CPU
	EndGlobalSection
	GlobalSection(ProjectConfigurationPlatforms) = postSolution
		{62F8C37C-414D-488B-8AA0-1C69D2BF184E}.Debug|Any CPU.ActiveCfg = Debug|Any CPU
		{62F8C37C-414D-488B-8AA0-1C69D2BF184E}.Debug|Any CPU.Build.0 = Debug|Any CPU
		{62F8C37C-414D-488B-8AA0-1C69D2BF184E}.Release|Any CPU.ActiveCfg = Release|Any CPU
		{62F8C37C-414D-488B-8AA0-1C69D2BF184E}.Release|Any CPU.Build.0 = Release|Any CPU
		{BFC7DD42-AFC3-4E8B-8102-14EFA2A6C27B}.Debug|Any CPU.ActiveCfg = Debug
		{BFC7DD42-AFC3-4E8B-8102-14EFA2A6C27B}.Release|Any CPU.ActiveCfg = Release
		{BD3CB7E0-1360-4E7A-84CC-C3B60B1CE71A}.Debug|Any CPU.ActiveCfg = Debug
		{BD3CB7E0-1360-4E7A-84CC-C3B60B1CE71A}.Release|Any CPU.ActiveCfg = Release
	EndGlobalSection
	GlobalSection(SolutionProperties) = preSolution
		HideSolutionNode = FALSE
	EndGlobalSection
	GlobalSection(ExtensibilityGlobals) = postSolution
		SolutionGuid = {9EFF22EF-BEB7-46FA-83AF-5AB97A359074}
	EndGlobalSection
EndGlobal
