
Microsoft Visual Studio Solution File, Format Version 12.00
# Visual Studio Version 16
VisualStudioVersion = 16.0.29728.190
MinimumVisualStudioVersion = 10.0.40219.1
Project("{FAE04EC0-301F-11D3-BF4B-00C04F79EFBC}") = "createAccount", "createAccount\createAccount.csproj", "{24CF7A01-F30A-4DA9-A8BE-C63D052B0A25}"
EndProject
Global
	GlobalSection(SolutionConfigurationPlatforms) = preSolution
		Debug|Any CPU = Debug|Any CPU
		Release|Any CPU = Release|Any CPU
	EndGlobalSection
	GlobalSection(ProjectConfigurationPlatforms) = postSolution
		{24CF7A01-F30A-4DA9-A8BE-C63D052B0A25}.Debug|Any CPU.ActiveCfg = Debug|Any CPU
		{24CF7A01-F30A-4DA9-A8BE-C63D052B0A25}.Debug|Any CPU.Build.0 = Debug|Any CPU
		{24CF7A01-F30A-4DA9-A8BE-C63D052B0A25}.Release|Any CPU.ActiveCfg = Release|Any CPU
		{24CF7A01-F30A-4DA9-A8BE-C63D052B0A25}.Release|Any CPU.Build.0 = Release|Any CPU
	EndGlobalSection
	GlobalSection(SolutionProperties) = preSolution
		HideSolutionNode = FALSE
	EndGlobalSection
	GlobalSection(ExtensibilityGlobals) = postSolution
		SolutionGuid = {918827A5-88C6-45B2-9F92-C08664FAD1B2}
	EndGlobalSection
EndGlobal
